
Microsoft Visual Studio Solution File, Format Version 12.00
# Visual Studio 2012
Project("{FAE04EC0-301F-11D3-BF4B-00C04F79EFBC}") = "cs280ass2", "cs280ass2\cs280ass2.csproj", "{BE02D033-24A5-43A0-A75A-C659F036BE22}"
EndProject
Global
	GlobalSection(SolutionConfigurationPlatforms) = preSolution
		Debug|Any CPU = Debug|Any CPU
		Release|Any CPU = Release|Any CPU
	EndGlobalSection
	GlobalSection(ProjectConfigurationPlatforms) = postSolution
		{BE02D033-24A5-43A0-A75A-C659F036BE22}.Debug|Any CPU.ActiveCfg = Debug|Any CPU
		{BE02D033-24A5-43A0-A75A-C659F036BE22}.Debug|Any CPU.Build.0 = Debug|Any CPU
		{BE02D033-24A5-43A0-A75A-C659F036BE22}.Release|Any CPU.ActiveCfg = Release|Any CPU
		{BE02D033-24A5-43A0-A75A-C659F036BE22}.Release|Any CPU.Build.0 = Release|Any CPU
	EndGlobalSection
	GlobalSection(SolutionProperties) = preSolution
		HideSolutionNode = FALSE
	EndGlobalSection
EndGlobal
